# This file is automatically @generated by Cargo.
# It is not intended for manual editing.
version = 3

[[package]]
name = "rim"
version = "0.1.0"
dependencies = [
 "sarge",
]

[[package]]
name = "sarge"
version = "4.0.2"
source = "registry+https://github.com/rust-lang/crates.io-index"
checksum = "8ae9e9946837712d5cc388e0de14275fbd1070f13976971c7967737d179f6440"
